{
    "_meta": {
        "hash": {
            "sha256": "6d43dc12d5111e5714873e41256be68711b6ed95c4b783777c06f3432b502474"
        },
        "pipfile-spec": 6,
        "requires": {
            "python_version": "3.7"
        },
        "sources": [
            {
                "name": "pypi",
                "url": "https://pypi.org/simple",
                "verify_ssl": true
            },
            {
                "name": "nhds",
                "url": "https://$NHDS_PYPI_USERNAME:'${NHDS_PYPI_PASSWORD}'@pypi.neighborhoods.com/simple",
                "verify_ssl": true
            }
        ]
    },
    "default": {
        "boto3": {
            "hashes": [
                "sha256:bce638f57fbf054f8eba1abce56c849108646edde3564bd08316763323a4020e",
                "sha256:c1f94af6989cb6bb90e22c063783b5b9b2b75ccf20bac993d9c35de84501e2bb"
            ],
            "index": "pypi",
            "version": "==1.17.109"
        },
        "botocore": {
            "hashes": [
                "sha256:71e55a76305f9b55266a0930d37c3cfb3586a699a22f92e4329f9bd0ad63aa4d",
                "sha256:f0acd29847118e48c72c07a1bcf6f03417f22d67e05f310b8db51d77f4bd6234"
            ],
            "markers": "python_version >= '2.7' and python_version not in '3.0, 3.1, 3.2, 3.3, 3.4, 3.5'",
            "version": "==1.20.109"
        },
        "fastavro": {
            "hashes": [
                "sha256:070cb4050df5a71f4892ce58826bb5773c4dd276209a0213c48d06b771355c6c",
                "sha256:10caace4785a7917ef9eb5d4721b9e8a060e208973225b6c379f9e757a981d16",
                "sha256:41a15918344723748ca2f3f3887d72d22aaeed4578420d054170aaf9f9c0ec9f",
                "sha256:6d9bde5d374da2f4f4ce67acc7d5a2e22a7d50f73a77ad60408819fa2b178462",
                "sha256:70dc160d0390a9a4a035d25525d884e0c2ddee5d0a1e0cb278f4357bed65c832",
                "sha256:7e5e5c0325c773721d40f069736bf7de018c89e8ce295df7155b4f401b78dcc0",
                "sha256:8d37a0b83db0c0e00874cf78f927ddfadef12d54e7f42877d33c92431812f850",
                "sha256:982f01dc8438e75df7ee5e1b2f9dd430b8eefc6c14fd3344d95351d0cf32e99c",
                "sha256:b3644e058d0229aece00ca84ba7c59a7992a3828bd64abfd2ae90e1b1387dba5",
                "sha256:bb73d874b9db7056473d4fcd1bd91c90ca8f3e828c13dfc3ca62771f86874b5b",
                "sha256:cdcae144dfd3e9edfcd514ccff50648a826a3dcccb1427e19bcaf103a84024ea",
                "sha256:ce316ef3ce250e1b2e36cd38ca66dcf2a3f8da8a47fb15e9af674514fa23d8a7",
                "sha256:f6bff1ecf1b0129d77ebcf76cebe4d16ae56a85f1ff1ef7040989b3500576805"
            ],
            "markers": "python_version >= '3.6'",
            "version": "==1.4.2"
        },
        "jmespath": {
            "hashes": [
                "sha256:b85d0567b8666149a93172712e68920734333c0ce7e89b78b3e987f71e5ed4f9",
                "sha256:cdf6525904cc597730141d61b36f2e4b8ecc257c420fa2f4549bac2c2d0cb72f"
            ],
            "markers": "python_version >= '2.6' and python_version not in '3.0, 3.1, 3.2'",
            "version": "==0.10.0"
        },
        "numpy": {
            "hashes": [
                "sha256:1a784e8ff7ea2a32e393cc53eb0003eca1597c7ca628227e34ce34eb11645a0e",
                "sha256:2ba579dde0563f47021dcd652253103d6fd66165b18011dce1a0609215b2791e",
                "sha256:3537b967b350ad17633b35c2f4b1a1bbd258c018910b518c30b48c8e41272717",
                "sha256:3c40e6b860220ed862e8097b8f81c9af6d7405b723f4a7af24a267b46f90e461",
                "sha256:598fe100b2948465cf3ed64b1a326424b5e4be2670552066e17dfaa67246011d",
                "sha256:620732f42259eb2c4642761bd324462a01cdd13dd111740ce3d344992dd8492f",
                "sha256:709884863def34d72b183d074d8ba5cfe042bc3ff8898f1ffad0209161caaa99",
                "sha256:75579acbadbf74e3afd1153da6177f846212ea2a0cc77de53523ae02c9256513",
                "sha256:7c55407f739f0bfcec67d0df49103f9333edc870061358ac8a8c9e37ea02fcd2",
                "sha256:a1f2fb2da242568af0271455b89aee0f71e4e032086ee2b4c5098945d0e11cf6",
                "sha256:a290989cd671cd0605e9c91a70e6df660f73ae87484218e8285c6522d29f6e38",
                "sha256:ac4fd578322842dbda8d968e3962e9f22e862b6ec6e3378e7415625915e2da4d",
                "sha256:ad09f55cc95ed8d80d8ab2052f78cc21cb231764de73e229140d81ff49d8145e",
                "sha256:b9205711e5440954f861ceeea8f1b415d7dd15214add2e878b4d1cf2bcb1a914",
                "sha256:bba474a87496d96e61461f7306fba2ebba127bed7836212c360f144d1e72ac54",
                "sha256:bebab3eaf0641bba26039fb0b2c5bf9b99407924b53b1ea86e03c32c64ef5aef",
                "sha256:cc367c86eb87e5b7c9592935620f22d13b090c609f1b27e49600cd033b529f54",
                "sha256:ccc6c650f8700ce1e3a77668bb7c43e45c20ac06ae00d22bdf6760b38958c883",
                "sha256:cf680682ad0a3bef56dae200dbcbac2d57294a73e5b0f9864955e7dd7c2c2491",
                "sha256:d2910d0a075caed95de1a605df00ee03b599de5419d0b95d55342e9a33ad1fb3",
                "sha256:d5caa946a9f55511e76446e170bdad1d12d6b54e17a2afe7b189112ed4412bb8",
                "sha256:d89b0dc7f005090e32bb4f9bf796e1dcca6b52243caf1803fdd2b748d8561f63",
                "sha256:d95d16204cd51ff1a1c8d5f9958ce90ae190be81d348b514f9be39f878b8044a",
                "sha256:e4d5a86a5257843a18fb1220c5f1c199532bc5d24e849ed4b0289fb59fbd4d8f",
                "sha256:e58ddb53a7b4959932f5582ac455ff90dcb05fac3f8dcc8079498d43afbbde6c",
                "sha256:e80fe25cba41c124d04c662f33f6364909b985f2eb5998aaa5ae4b9587242cce",
                "sha256:eda2829af498946c59d8585a9fd74da3f810866e05f8df03a86f70079c7531dd",
                "sha256:fd0a359c1c17f00cb37de2969984a74320970e0ceef4808c32e00773b06649d9"
            ],
            "markers": "python_version >= '3.7'",
            "version": "==1.21.0"
        },
        "pandas": {
            "hashes": [
                "sha256:08eeff3da6a188e24db7f292b39a8ca9e073bf841fbbeadb946b3ad5c19d843e",
                "sha256:1ff13eed501e07e7fb26a4ea18a846b6e5d7de549b497025601fd9ccb7c1d123",
                "sha256:522bfea92f3ef6207cadc7428bda1e7605dae0383b8065030e7b5d0266717b48",
                "sha256:7897326cae660eee69d501cbfa950281a193fcf407393965e1bc07448e1cc35a",
                "sha256:798675317d0e4863a92a9a6bc5bd2490b5f6fef8c17b95f29e2e33f28bef9eca",
                "sha256:7d3cd2c99faa94d717ca00ea489264a291ad7209453dffbf059bfb7971fd3a61",
                "sha256:823737830364d0e2af8c3912a28ba971296181a07950873492ed94e12d28c405",
                "sha256:872aa91e0f9ca913046ab639d4181a899f5e592030d954d28c2529b88756a736",
                "sha256:88864c1e28353b958b1f30e4193818519624ad9a1776921622a6a2a016d5d807",
                "sha256:92835113a67cbd34747c198d41f09f4b63f6fe11ca5643baebc7ab1e30e89e95",
                "sha256:98efc2d4983d5bb47662fe2d97b2c81b91566cb08b266490918b9c7d74a5ef64",
                "sha256:b10d7910ae9d7920a5ff7816d794d99acbc361f7b16a0f017d4fa83ced8cb55e",
                "sha256:c554e6c9cf2d5ea1aba5979cc837b3649539ced0e18ece186f055450c86622e2",
                "sha256:c746876cdd8380be0c3e70966d4566855901ac9aaa5e4b9ccaa5ca5311457d11",
                "sha256:c81b8d91e9ae861eb4406b4e0f8d4dabbc105b9c479b3d1e921fba1d35b5b62a",
                "sha256:e6b75091fa54a53db3927b4d1bc997c23c5ba6f87acdfe1ee5a92c38c6b2ed6a",
                "sha256:ed4fc66f23fe17c93a5d439230ca2d6b5f8eac7154198d327dbe8a16d98f3f10",
                "sha256:f058c786e7b0a9e7fa5e0b9f4422e0ccdd3bf3aa3053c18d77ed2a459bd9a45a",
                "sha256:fe7a549d10ca534797095586883a5c17d140d606747591258869c56e14d1b457"
            ],
            "index": "pypi",
            "version": "==1.3.0"
        },
        "pandavro": {
            "hashes": [
                "sha256:d098da34529fbb20de5fd1a6f231918d1b60941b25bea5dc87897ef0d472cb6f"
            ],
            "index": "pypi",
            "version": "==1.6.0"
        },
        "pyarrow": {
            "hashes": [
                "sha256:03e2435da817bc2b5d0fad6f2e53305eb36c24004ddfcb2b30e4217a1a80cf22",
                "sha256:2be3a9eab4bfd00024dc3c83fa03de1c1d04a0f47ebaf3dc483cd100546eacbf",
                "sha256:2c3353d38d137f1158595b3b18dcef711f3d8fdb57cf7ae2d861d07235064bc1",
                "sha256:2d5c95eb04a3d2e786e097b53534893eade6c8b3faf10f53a06143384b4446b1",
                "sha256:31e6fc0868963aba4e6b8a3e218c9a5ff347bca870d622da0b3d58269d0c5398",
                "sha256:3b46487c45faaea8d1a5aa65002e2832ae2e1c9e68ecb461cda4fa59891cf490",
                "sha256:3ea6574d1ae2d9bff7e6e1715f64c31bdc01b42387a5c78311a8ce9c09cfe135",
                "sha256:4bf8cc43e1db1e0517466209ee8e8f459d9b5e1b4074863317f2a965cf59889e",
                "sha256:5faa2dc73444bdcf042f121383965a47362be1f946303d46e8fd80f8d26cd90c",
                "sha256:72206cde1857d5420601feae75f53921cffab4326b42262a858c7b8be67982b7",
                "sha256:960a9b0fd599601ddac42f16d5acf049637ec08957359c6741d6eb2bf0dbae97",
                "sha256:978bbe8ec9090d1133a25f00f32ed92600f9d315fbfa29a17952bee01f0d7fe5",
                "sha256:a07e286e81ceb20f8f0c45f69760d2ebc434fe83794d5f9b44f89fc2dc6dc24d",
                "sha256:a76031ef19d11db2fef79a97cc69997c97bea35aa07efbe042a177c7e3b1a390",
                "sha256:b08c119cc2b9fcd1567797fedb245a2f4352a3084a22b7298272afe7cf7a4730",
                "sha256:b1cf92df9f336f31706249e543dc0ffce3c67a78204ce540f1173c6c07dfafec",
                "sha256:b7a8903f2b8a80498725ef5d4a35cd7dd5a98b74e080d42692545e61a6cbfbe4",
                "sha256:bf6684fe9e38f8ddb696e38901461eab783ec1d565974ebd5862270320b3e27f",
                "sha256:cfea99a01d844c3db5e25374a6cdcf3b5ba1698bfe95d41272c295a4581e884c",
                "sha256:d5666a7fa2668f3ff95df028c2072d59e8b17e73d682068e8505dafa2688f3cc",
                "sha256:dec007a0f7adba86bd170252140ede01646b45c3a470d5862ce00d8e40cd29bd"
            ],
            "index": "pypi",
            "version": "==3.0.0"
        },
        "python-dateutil": {
            "hashes": [
                "sha256:73ebfe9dbf22e832286dafa60473e4cd239f8592f699aa5adaf10050e6e1823c",
                "sha256:75bb3f31ea686f1197762692a9ee6a7550b59fc6ca3a1f4b5d7e32fb98e2da2a"
            ],
            "markers": "python_version >= '2.7' and python_version not in '3.0, 3.1, 3.2'",
            "version": "==2.8.1"
        },
        "pytz": {
            "hashes": [
                "sha256:83a4a90894bf38e243cf052c8b58f381bfe9a7a483f6a9cab140bc7f702ac4da",
                "sha256:eb10ce3e7736052ed3623d49975ce333bcd712c7bb19a58b9e2089d4057d0798"
            ],
            "version": "==2021.1"
        },
        "s3transfer": {
            "hashes": [
                "sha256:9b3752887a2880690ce628bc263d6d13a3864083aeacff4890c1c9839a5eb0bc",
                "sha256:cb022f4b16551edebbb31a377d3f09600dbada7363d8c5db7976e7f47732e1b2"
            ],
            "version": "==0.4.2"
        },
        "six": {
            "hashes": [
                "sha256:1e61c37477a1626458e36f7b1d82aa5c9b094fa4802892072e49de9c60c4c926",
                "sha256:8abb2f1d86890a2dfb989f9a77cfcfd3e47c2a354b01111771326f8aa26e0254"
            ],
            "markers": "python_version >= '2.7' and python_version not in '3.0, 3.1, 3.2'",
            "version": "==1.16.0"
        },
        "urllib3": {
            "hashes": [
                "sha256:39fb8672126159acb139a7718dd10806104dec1e2f0f6c88aab05d17df10c8d4",
                "sha256:f57b4c16c62fa2760b7e3d97c35b255512fb6b59a259730f36ba32ce9f8e342f"
            ],
            "markers": "python_version >= '2.7' and python_version not in '3.0, 3.1, 3.2, 3.3, 3.4' and python_version < '4'",
            "version": "==1.26.6"
        }
    },
    "develop": {
        "attrs": {
            "hashes": [
                "sha256:149e90d6d8ac20db7a955ad60cf0e6881a3f20d37096140088356da6c716b0b1",
                "sha256:ef6aaac3ca6cd92904cdd0d83f629a15f18053ec84e6432106f7a4d04ae4f5fb"
            ],
            "markers": "python_version >= '2.7' and python_version not in '3.0, 3.1, 3.2, 3.3, 3.4'",
            "version": "==21.2.0"
        },
        "bleach": {
            "hashes": [
                "sha256:6123ddc1052673e52bab52cdc955bcb57a015264a1c57d37bea2f6b817af0125",
                "sha256:98b3170739e5e83dd9dc19633f074727ad848cbedb6026708c8ac2d3b697a433"
            ],
            "markers": "python_version >= '2.7' and python_version not in '3.0, 3.1, 3.2, 3.3, 3.4'",
            "version": "==3.3.0"
        },
        "boto3": {
            "hashes": [
                "sha256:bce638f57fbf054f8eba1abce56c849108646edde3564bd08316763323a4020e",
                "sha256:c1f94af6989cb6bb90e22c063783b5b9b2b75ccf20bac993d9c35de84501e2bb"
            ],
            "index": "pypi",
            "version": "==1.17.109"
        },
        "botocore": {
            "hashes": [
                "sha256:71e55a76305f9b55266a0930d37c3cfb3586a699a22f92e4329f9bd0ad63aa4d",
                "sha256:f0acd29847118e48c72c07a1bcf6f03417f22d67e05f310b8db51d77f4bd6234"
            ],
            "markers": "python_version >= '2.7' and python_version not in '3.0, 3.1, 3.2, 3.3, 3.4, 3.5'",
            "version": "==1.20.109"
        },
        "certifi": {
            "hashes": [
                "sha256:2bbf76fd432960138b3ef6dda3dde0544f27cbf8546c458e60baf371917ba9ee",
                "sha256:50b1e4f8446b06f41be7dd6338db18e0990601dce795c2b1686458aa7e8fa7d8"
            ],
            "version": "==2021.5.30"
        },
        "cffi": {
            "hashes": [
                "sha256:06c54a68935738d206570b20da5ef2b6b6d92b38ef3ec45c5422c0ebaf338d4d",
                "sha256:0c0591bee64e438883b0c92a7bed78f6290d40bf02e54c5bf0978eaf36061771",
                "sha256:19ca0dbdeda3b2615421d54bef8985f72af6e0c47082a8d26122adac81a95872",
                "sha256:22b9c3c320171c108e903d61a3723b51e37aaa8c81255b5e7ce102775bd01e2c",
                "sha256:26bb2549b72708c833f5abe62b756176022a7b9a7f689b571e74c8478ead51dc",
                "sha256:33791e8a2dc2953f28b8d8d300dde42dd929ac28f974c4b4c6272cb2955cb762",
                "sha256:3c8d896becff2fa653dc4438b54a5a25a971d1f4110b32bd3068db3722c80202",
                "sha256:4373612d59c404baeb7cbd788a18b2b2a8331abcc84c3ba40051fcd18b17a4d5",
                "sha256:487d63e1454627c8e47dd230025780e91869cfba4c753a74fda196a1f6ad6548",
                "sha256:4922cd707b25e623b902c86188aca466d3620892db76c0bdd7b99a3d5e61d35f",
                "sha256:55af55e32ae468e9946f741a5d51f9896da6b9bf0bbdd326843fec05c730eb20",
                "sha256:5d4b68e216fc65e9fe4f524c177b54964af043dde734807586cf5435af84045c",
                "sha256:64fda793737bc4037521d4899be780534b9aea552eb673b9833b01f945904c2e",
                "sha256:6d6169cb3c6c2ad50db5b868db6491a790300ade1ed5d1da29289d73bbe40b56",
                "sha256:7bcac9a2b4fdbed2c16fa5681356d7121ecabf041f18d97ed5b8e0dd38a80224",
                "sha256:80b06212075346b5546b0417b9f2bf467fea3bfe7352f781ffc05a8ab24ba14a",
                "sha256:818014c754cd3dba7229c0f5884396264d51ffb87ec86e927ef0be140bfdb0d2",
                "sha256:8eb687582ed7cd8c4bdbff3df6c0da443eb89c3c72e6e5dcdd9c81729712791a",
                "sha256:99f27fefe34c37ba9875f224a8f36e31d744d8083e00f520f133cab79ad5e819",
                "sha256:9f3e33c28cd39d1b655ed1ba7247133b6f7fc16fa16887b120c0c670e35ce346",
                "sha256:a8661b2ce9694ca01c529bfa204dbb144b275a31685a075ce123f12331be790b",
                "sha256:a9da7010cec5a12193d1af9872a00888f396aba3dc79186604a09ea3ee7c029e",
                "sha256:b315d709717a99f4b27b59b021e6207c64620790ca3e0bde636a6c7f14618abb",
                "sha256:ba6f2b3f452e150945d58f4badd92310449876c4c954836cfb1803bdd7b422f0",
                "sha256:c33d18eb6e6bc36f09d793c0dc58b0211fccc6ae5149b808da4a62660678b156",
                "sha256:c9a875ce9d7fe32887784274dd533c57909b7b1dcadcc128a2ac21331a9765dd",
                "sha256:c9e005e9bd57bc987764c32a1bee4364c44fdc11a3cc20a40b93b444984f2b87",
                "sha256:d2ad4d668a5c0645d281dcd17aff2be3212bc109b33814bbb15c4939f44181cc",
                "sha256:d950695ae4381ecd856bcaf2b1e866720e4ab9a1498cba61c602e56630ca7195",
                "sha256:e22dcb48709fc51a7b58a927391b23ab37eb3737a98ac4338e2448bef8559b33",
                "sha256:e8c6a99be100371dbb046880e7a282152aa5d6127ae01783e37662ef73850d8f",
                "sha256:e9dc245e3ac69c92ee4c167fbdd7428ec1956d4e754223124991ef29eb57a09d",
                "sha256:eb687a11f0a7a1839719edd80f41e459cc5366857ecbed383ff376c4e3cc6afd",
                "sha256:eb9e2a346c5238a30a746893f23a9535e700f8192a68c07c0258e7ece6ff3728",
                "sha256:ed38b924ce794e505647f7c331b22a693bee1538fdf46b0222c4717b42f744e7",
                "sha256:f0c5d1acbfca6ebdd6b1e3eded8d261affb6ddcf2186205518f1428b8569bb99",
                "sha256:f10afb1004f102c7868ebfe91c28f4a712227fe4cb24974350ace1f90e1febbf",
                "sha256:f174135f5609428cc6e1b9090f9268f5c8935fddb1b25ccb8255a2d50de6789e",
                "sha256:f3ebe6e73c319340830a9b2825d32eb6d8475c1dac020b4f0aa774ee3b898d1c",
                "sha256:fd4305f86f53dfd8cd3522269ed7fc34856a8ee3709a5e28b2836b2db9d4cd69"
            ],
            "version": "==1.14.6"
        },
        "chardet": {
            "hashes": [
                "sha256:0d6f53a15db4120f2b08c94f11e7d93d2c911ee118b6b30a04ec3ee8310179fa",
                "sha256:f864054d66fd9118f2e67044ac8981a54775ec5b67aed0441892edb553d21da5"
            ],
            "markers": "python_version >= '2.7' and python_version not in '3.0, 3.1, 3.2, 3.3, 3.4'",
            "version": "==4.0.0"
        },
        "colorama": {
            "hashes": [
                "sha256:5941b2b48a20143d2267e95b1c2a7603ce057ee39fd88e7329b0c292aa16869b",
                "sha256:9f47eda37229f68eee03b24b9748937c7dc3868f906e8ba69fbcbdd3bc5dc3e2"
            ],
            "markers": "python_version >= '2.7' and python_version not in '3.0, 3.1, 3.2, 3.3, 3.4'",
            "version": "==0.4.4"
        },
        "cryptography": {
            "hashes": [
                "sha256:0f1212a66329c80d68aeeb39b8a16d54ef57071bf22ff4e521657b27372e327d",
                "sha256:1e056c28420c072c5e3cb36e2b23ee55e260cb04eee08f702e0edfec3fb51959",
                "sha256:240f5c21aef0b73f40bb9f78d2caff73186700bf1bc6b94285699aff98cc16c6",
                "sha256:26965837447f9c82f1855e0bc8bc4fb910240b6e0d16a664bb722df3b5b06873",
                "sha256:37340614f8a5d2fb9aeea67fd159bfe4f5f4ed535b1090ce8ec428b2f15a11f2",
                "sha256:3d10de8116d25649631977cb37da6cbdd2d6fa0e0281d014a5b7d337255ca713",
                "sha256:3d8427734c781ea5f1b41d6589c293089704d4759e34597dce91014ac125aad1",
                "sha256:7ec5d3b029f5fa2b179325908b9cd93db28ab7b85bb6c1db56b10e0b54235177",
                "sha256:8e56e16617872b0957d1c9742a3f94b43533447fd78321514abbe7db216aa250",
                "sha256:de4e5f7f68220d92b7637fc99847475b59154b7a1b3868fb7385337af54ac9ca",
                "sha256:eb8cc2afe8b05acbd84a43905832ec78e7b3873fb124ca190f574dca7389a87d",
                "sha256:ee77aa129f481be46f8d92a1a7db57269a2f23052d5f2433b4621bb457081cc9"
            ],
            "markers": "python_version >= '3.6'",
            "version": "==3.4.7"
        },
        "deprecated": {
            "hashes": [
                "sha256:08452d69b6b5bc66e8330adde0a4f8642e969b9e1702904d137eeb29c8ffc771",
                "sha256:6d2de2de7931a968874481ef30208fd4e08da39177d61d3d4ebdf4366e7dbca1"
            ],
            "markers": "python_version >= '2.7' and python_version not in '3.0, 3.1, 3.2, 3.3'",
            "version": "==1.2.12"
        },
        "docutils": {
            "hashes": [
                "sha256:686577d2e4c32380bb50cbb22f575ed742d58168cee37e99117a854bcd88f125",
                "sha256:cf316c8370a737a022b72b56874f6602acf974a37a9fba42ec2876387549fc61"
            ],
            "markers": "python_version >= '2.7' and python_version not in '3.0, 3.1, 3.2, 3.3, 3.4'",
            "version": "==0.17.1"
        },
        "flake8": {
            "hashes": [
                "sha256:07528381786f2a6237b061f6e96610a4167b226cb926e2aa2b6b1d78057c576b",
                "sha256:bf8fd333346d844f616e8d47905ef3a3384edae6b4e9beb0c5101e25e3110907"
            ],
            "index": "pypi",
            "version": "==3.9.2"
        },
        "idna": {
            "hashes": [
                "sha256:b307872f855b18632ce0c21c5e45be78c0ea7ae4c15c828c20788b26921eb3f6",
                "sha256:b97d804b1e9b523befed77c48dacec60e6dcb0b5391d57af6a65a312a90648c0"
            ],
            "markers": "python_version >= '2.7' and python_version not in '3.0, 3.1, 3.2, 3.3'",
            "version": "==2.10"
        },
        "importlib-metadata": {
            "hashes": [
                "sha256:079ada16b7fc30dfbb5d13399a5113110dab1aa7c2bc62f66af75f0b717c8cac",
                "sha256:9f55f560e116f8643ecf2922d9cd3e1c7e8d52e683178fecd9d08f6aa357e11e"
            ],
            "markers": "python_version < '3.8' and python_version < '3.8'",
            "version": "==4.6.1"
        },
        "jinja2": {
            "hashes": [
                "sha256:1f06f2da51e7b56b8f238affdd6b4e2c61e39598a378cc49345bc1bd42a978a4",
                "sha256:703f484b47a6af502e743c9122595cc812b0271f661722403114f71a79d0f5a4"
            ],
            "markers": "python_version >= '3.6'",
            "version": "==3.0.1"
        },
        "jmespath": {
            "hashes": [
                "sha256:b85d0567b8666149a93172712e68920734333c0ce7e89b78b3e987f71e5ed4f9",
                "sha256:cdf6525904cc597730141d61b36f2e4b8ecc257c420fa2f4549bac2c2d0cb72f"
            ],
            "markers": "python_version >= '2.6' and python_version not in '3.0, 3.1, 3.2'",
            "version": "==0.10.0"
        },
        "keyring": {
            "hashes": [
                "sha256:045703609dd3fccfcdb27da201684278823b72af515aedec1a8515719a038cb8",
                "sha256:8f607d7d1cc502c43a932a275a56fe47db50271904513a379d39df1af277ac48"
            ],
            "markers": "python_version >= '3.6'",
            "version": "==23.0.1"
        },
        "markupsafe": {
            "hashes": [
                "sha256:01a9b8ea66f1658938f65b93a85ebe8bc016e6769611be228d797c9d998dd298",
                "sha256:023cb26ec21ece8dc3907c0e8320058b2e0cb3c55cf9564da612bc325bed5e64",
                "sha256:0446679737af14f45767963a1a9ef7620189912317d095f2d9ffa183a4d25d2b",
                "sha256:0717a7390a68be14b8c793ba258e075c6f4ca819f15edfc2a3a027c823718567",
                "sha256:0955295dd5eec6cb6cc2fe1698f4c6d84af2e92de33fbcac4111913cd100a6ff",
                "sha256:10f82115e21dc0dfec9ab5c0223652f7197feb168c940f3ef61563fc2d6beb74",
                "sha256:1d609f577dc6e1aa17d746f8bd3c31aa4d258f4070d61b2aa5c4166c1539de35",
                "sha256:2ef54abee730b502252bcdf31b10dacb0a416229b72c18b19e24a4509f273d26",
                "sha256:3c112550557578c26af18a1ccc9e090bfe03832ae994343cfdacd287db6a6ae7",
                "sha256:47ab1e7b91c098ab893b828deafa1203de86d0bc6ab587b160f78fe6c4011f75",
                "sha256:49e3ceeabbfb9d66c3aef5af3a60cc43b85c33df25ce03d0031a608b0a8b2e3f",
                "sha256:4efca8f86c54b22348a5467704e3fec767b2db12fc39c6d963168ab1d3fc9135",
                "sha256:53edb4da6925ad13c07b6d26c2a852bd81e364f95301c66e930ab2aef5b5ddd8",
                "sha256:594c67807fb16238b30c44bdf74f36c02cdf22d1c8cda91ef8a0ed8dabf5620a",
                "sha256:611d1ad9a4288cf3e3c16014564df047fe08410e628f89805e475368bd304914",
                "sha256:6557b31b5e2c9ddf0de32a691f2312a32f77cd7681d8af66c2692efdbef84c18",
                "sha256:693ce3f9e70a6cf7d2fb9e6c9d8b204b6b39897a2c4a1aa65728d5ac97dcc1d8",
                "sha256:6a7fae0dd14cf60ad5ff42baa2e95727c3d81ded453457771d02b7d2b3f9c0c2",
                "sha256:6c4ca60fa24e85fe25b912b01e62cb969d69a23a5d5867682dd3e80b5b02581d",
                "sha256:7d91275b0245b1da4d4cfa07e0faedd5b0812efc15b702576d103293e252af1b",
                "sha256:905fec760bd2fa1388bb5b489ee8ee5f7291d692638ea5f67982d968366bef9f",
                "sha256:97383d78eb34da7e1fa37dd273c20ad4320929af65d156e35a5e2d89566d9dfb",
                "sha256:984d76483eb32f1bcb536dc27e4ad56bba4baa70be32fa87152832cdd9db0833",
                "sha256:a30e67a65b53ea0a5e62fe23682cfe22712e01f453b95233b25502f7c61cb415",
                "sha256:ab3ef638ace319fa26553db0624c4699e31a28bb2a835c5faca8f8acf6a5a902",
                "sha256:b2f4bf27480f5e5e8ce285a8c8fd176c0b03e93dcc6646477d4630e83440c6a9",
                "sha256:b7f2d075102dc8c794cbde1947378051c4e5180d52d276987b8d28a3bd58c17d",
                "sha256:be98f628055368795d818ebf93da628541e10b75b41c559fdf36d104c5787066",
                "sha256:d7f9850398e85aba693bb640262d3611788b1f29a79f0c93c565694658f4071f",
                "sha256:f5653a225f31e113b152e56f154ccbe59eeb1c7487b39b9d9f9cdb58e6c79dc5",
                "sha256:f826e31d18b516f653fe296d967d700fddad5901ae07c622bb3705955e1faa94",
                "sha256:f8ba0e8349a38d3001fae7eadded3f6606f0da5d748ee53cc1dab1d6527b9509",
                "sha256:f9081981fe268bd86831e5c75f7de206ef275defcb82bc70740ae6dc507aee51",
                "sha256:fa130dd50c57d53368c9d59395cb5526eda596d3ffe36666cd81a44d56e48872"
            ],
            "markers": "python_version >= '3.6'",
            "version": "==2.0.1"
        },
        "mccabe": {
            "hashes": [
                "sha256:ab8a6258860da4b6677da4bd2fe5dc2c659cff31b3ee4f7f5d64e79735b80d42",
                "sha256:dd8d182285a0fe56bace7f45b5e7d1a6ebcbf524e8f3bd87eb0f125271b8831f"
            ],
            "version": "==0.6.1"
        },
        "more-itertools": {
            "hashes": [
                "sha256:2cf89ec599962f2ddc4d568a05defc40e0a587fbc10d5989713638864c36be4d",
                "sha256:83f0308e05477c68f56ea3a888172c78ed5d5b3c282addb67508e7ba6c8f813a"
            ],
            "markers": "python_version >= '3.5'",
            "version": "==8.8.0"
        },
        "moto": {
            "hashes": [
                "sha256:569049a42bc63b6c4702fda0fee952e4d0088cd7f4989aa8eaaae0b222f7a2a1",
                "sha256:765d01bfa85807a5a180ae5b993b293c3cf56dd9c694d2834a30e9016b74a933"
            ],
            "index": "pypi",
            "version": "==2.0.11"
        },
        "packaging": {
            "hashes": [
                "sha256:7dc96269f53a4ccec5c0670940a4281106dd0bb343f47b7471f779df49c2fbe7",
                "sha256:c86254f9220d55e31cc94d69bade760f0847da8000def4dfe1c6b872fd14ff14"
            ],
            "markers": "python_version >= '3.6'",
            "version": "==21.0"
        },
        "pipenv-devcheck": {
            "hashes": [
                "sha256:eae6051a27889c750c8e470fef897300b75ed2b8e6b6f7969c98bb122bb3516d",
                "sha256:ebac64a46902345a71e5ff60a342186a9a29cb4b288644e3465f8de73e19d15b"
            ],
            "index": "pypi",
            "version": "==0.5.1"
        },
        "pipfile": {
            "hashes": [
                "sha256:f7d9f15de8b660986557eb3cc5391aa1a16207ac41bc378d03f414762d36c984"
            ],
            "version": "==0.0.2"
        },
        "pkginfo": {
            "hashes": [
                "sha256:37ecd857b47e5f55949c41ed061eb51a0bee97a87c969219d144c0e023982779",
                "sha256:e7432f81d08adec7297633191bbf0bd47faf13cd8724c3a13250e51d542635bd"
            ],
            "version": "==1.7.1"
        },
        "pluggy": {
            "hashes": [
                "sha256:15b2acde666561e1298d71b523007ed7364de07029219b604cf808bfa1c765b0",
                "sha256:966c145cd83c96502c3c3868f50408687b38434af77734af1e9ca461a4081d2d"
            ],
            "markers": "python_version >= '2.7' and python_version not in '3.0, 3.1, 3.2, 3.3'",
            "version": "==0.13.1"
        },
        "py": {
            "hashes": [
                "sha256:21b81bda15b66ef5e1a777a21c4dcd9c20ad3efd0b3f817e7a809035269e1bd3",
                "sha256:3b80836aa6d1feeaa108e046da6423ab8f6ceda6468545ae8d02d9d58d18818a"
            ],
            "markers": "python_version >= '2.7' and python_version not in '3.0, 3.1, 3.2, 3.3'",
            "version": "==1.10.0"
        },
        "pycodestyle": {
            "hashes": [
                "sha256:514f76d918fcc0b55c6680472f0a37970994e07bbb80725808c17089be302068",
                "sha256:c389c1d06bf7904078ca03399a4816f974a1d590090fecea0c63ec26ebaf1cef"
            ],
            "markers": "python_version >= '2.7' and python_version not in '3.0, 3.1, 3.2, 3.3'",
            "version": "==2.7.0"
        },
        "pycparser": {
            "hashes": [
                "sha256:2d475327684562c3a96cc71adf7dc8c4f0565175cf86b6d7a404ff4c771f15f0",
                "sha256:7582ad22678f0fcd81102833f60ef8d0e57288b6b5fb00323d101be910e35705"
            ],
            "markers": "python_version >= '2.7' and python_version not in '3.0, 3.1, 3.2, 3.3'",
            "version": "==2.20"
        },
        "pyflakes": {
            "hashes": [
                "sha256:7893783d01b8a89811dd72d7dfd4d84ff098e5eed95cfa8905b22bbffe52efc3",
                "sha256:f5bc8ecabc05bb9d291eb5203d6810b49040f6ff446a756326104746cc00c1db"
            ],
            "markers": "python_version >= '2.7' and python_version not in '3.0, 3.1, 3.2, 3.3'",
            "version": "==2.3.1"
        },
        "pygithub": {
            "hashes": [
                "sha256:1bbfff9372047ff3f21d5cd8e07720f3dbfdaf6462fcaed9d815f528f1ba7283",
                "sha256:2caf0054ea079b71e539741ae56c5a95e073b81fa472ce222e81667381b9601b"
            ],
            "index": "pypi",
            "version": "==1.55"
        },
        "pygments": {
            "hashes": [
                "sha256:a18f47b506a429f6f4b9df81bb02beab9ca21d0a5fee38ed15aef65f0545519f",
                "sha256:d66e804411278594d764fc69ec36ec13d9ae9147193a1740cd34d272ca383b8e"
            ],
            "markers": "python_version >= '3.5'",
            "version": "==2.9.0"
        },
        "pyjwt": {
            "hashes": [
                "sha256:934d73fbba91b0483d3857d1aff50e96b2a892384ee2c17417ed3203f173fca1",
                "sha256:fba44e7898bbca160a2b2b501f492824fc8382485d3a6f11ba5d0c1937ce6130"
            ],
            "markers": "python_version >= '3.6'",
            "version": "==2.1.0"
        },
        "pynacl": {
            "hashes": [
                "sha256:06cbb4d9b2c4bd3c8dc0d267416aaed79906e7b33f114ddbf0911969794b1cc4",
                "sha256:11335f09060af52c97137d4ac54285bcb7df0cef29014a1a4efe64ac065434c4",
                "sha256:2fe0fc5a2480361dcaf4e6e7cea00e078fcda07ba45f811b167e3f99e8cff574",
                "sha256:30f9b96db44e09b3304f9ea95079b1b7316b2b4f3744fe3aaecccd95d547063d",
                "sha256:4e10569f8cbed81cb7526ae137049759d2a8d57726d52c1a000a3ce366779634",
                "sha256:511d269ee845037b95c9781aa702f90ccc36036f95d0f31373a6a79bd8242e25",
                "sha256:537a7ccbea22905a0ab36ea58577b39d1fa9b1884869d173b5cf111f006f689f",
                "sha256:54e9a2c849c742006516ad56a88f5c74bf2ce92c9f67435187c3c5953b346505",
                "sha256:757250ddb3bff1eecd7e41e65f7f833a8405fede0194319f87899690624f2122",
                "sha256:7757ae33dae81c300487591c68790dfb5145c7d03324000433d9a2c141f82af7",
                "sha256:7c6092102219f59ff29788860ccb021e80fffd953920c4a8653889c029b2d420",
                "sha256:8122ba5f2a2169ca5da936b2e5a511740ffb73979381b4229d9188f6dcb22f1f",
                "sha256:9c4a7ea4fb81536c1b1f5cc44d54a296f96ae78c1ebd2311bd0b60be45a48d96",
                "sha256:c914f78da4953b33d4685e3cdc7ce63401247a21425c16a39760e282075ac4a6",
                "sha256:cd401ccbc2a249a47a3a1724c2918fcd04be1f7b54eb2a5a71ff915db0ac51c6",
                "sha256:d452a6746f0a7e11121e64625109bc4468fc3100452817001dbe018bb8b08514",
                "sha256:ea6841bc3a76fa4942ce00f3bda7d436fda21e2d91602b9e21b7ca9ecab8f3ff",
                "sha256:f8851ab9041756003119368c1e6cd0b9c631f46d686b3904b18c0139f4419f80"
            ],
            "markers": "python_version >= '2.7' and python_version not in '3.0, 3.1, 3.2, 3.3'",
            "version": "==1.4.0"
        },
        "pyparsing": {
            "hashes": [
                "sha256:c203ec8783bf771a155b207279b9bccb8dea02d8f0c9e5f8ead507bc3246ecc1",
                "sha256:ef9d7589ef3c200abe66653d3f1ab1033c3c419ae9b9bdb1240a85b024efc88b"
            ],
            "markers": "python_version >= '2.6' and python_version not in '3.0, 3.1, 3.2'",
            "version": "==2.4.7"
        },
        "pytest": {
            "hashes": [
                "sha256:5c0db86b698e8f170ba4582a492248919255fcd4c79b1ee64ace34301fb589a1",
                "sha256:7979331bfcba207414f5e1263b5a0f8f521d0f457318836a7355531ed1a4c7d8"
            ],
            "index": "pypi",
            "version": "==5.4.3"
        },
        "python-dateutil": {
            "hashes": [
                "sha256:73ebfe9dbf22e832286dafa60473e4cd239f8592f699aa5adaf10050e6e1823c",
                "sha256:75bb3f31ea686f1197762692a9ee6a7550b59fc6ca3a1f4b5d7e32fb98e2da2a"
            ],
            "markers": "python_version >= '2.7' and python_version not in '3.0, 3.1, 3.2'",
            "version": "==2.8.1"
        },
        "pytz": {
            "hashes": [
                "sha256:83a4a90894bf38e243cf052c8b58f381bfe9a7a483f6a9cab140bc7f702ac4da",
                "sha256:eb10ce3e7736052ed3623d49975ce333bcd712c7bb19a58b9e2089d4057d0798"
            ],
            "version": "==2021.1"
        },
        "readme-renderer": {
            "hashes": [
                "sha256:63b4075c6698fcfa78e584930f07f39e05d46f3ec97f65006e430b595ca6348c",
                "sha256:92fd5ac2bf8677f310f3303aa4bce5b9d5f9f2094ab98c29f13791d7b805a3db"
            ],
            "version": "==29.0"
        },
        "requests": {
            "hashes": [
                "sha256:27973dd4a904a4f13b263a19c866c13b92a39ed1c964655f025f3f8d3d75b804",
                "sha256:c210084e36a42ae6b9219e00e48287def368a26d03a048ddad7bfee44f75871e"
            ],
            "markers": "python_version >= '2.7' and python_version not in '3.0, 3.1, 3.2, 3.3, 3.4'",
            "version": "==2.25.1"
        },
        "requests-toolbelt": {
            "hashes": [
                "sha256:380606e1d10dc85c3bd47bf5a6095f815ec007be7a8b69c878507068df059e6f",
                "sha256:968089d4584ad4ad7c171454f0a5c6dac23971e9472521ea3b6d49d610aa6fc0"
            ],
            "version": "==0.9.1"
        },
        "responses": {
            "hashes": [
                "sha256:18a5b88eb24143adbf2b4100f328a2f5bfa72fbdacf12d97d41f07c26c45553d",
                "sha256:b54067596f331786f5ed094ff21e8d79e6a1c68ef625180a7d34808d6f36c11b"
            ],
            "markers": "python_version >= '2.7' and python_version not in '3.0, 3.1, 3.2, 3.3, 3.4'",
            "version": "==0.13.3"
        },
        "rfc3986": {
            "hashes": [
                "sha256:270aaf10d87d0d4e095063c65bf3ddbc6ee3d0b226328ce21e036f946e421835",
                "sha256:a86d6e1f5b1dc238b218b012df0aa79409667bb209e58da56d0b94704e712a97"
            ],
            "version": "==1.5.0"
        },
        "s3transfer": {
            "hashes": [
                "sha256:9b3752887a2880690ce628bc263d6d13a3864083aeacff4890c1c9839a5eb0bc",
                "sha256:cb022f4b16551edebbb31a377d3f09600dbada7363d8c5db7976e7f47732e1b2"
            ],
            "version": "==0.4.2"
        },
        "six": {
            "hashes": [
                "sha256:1e61c37477a1626458e36f7b1d82aa5c9b094fa4802892072e49de9c60c4c926",
                "sha256:8abb2f1d86890a2dfb989f9a77cfcfd3e47c2a354b01111771326f8aa26e0254"
            ],
            "markers": "python_version >= '2.7' and python_version not in '3.0, 3.1, 3.2'",
            "version": "==1.16.0"
        },
        "toml": {
            "hashes": [
                "sha256:806143ae5bfb6a3c6e736a764057db0e6a0e05e338b5630894a5f779cabb4f9b",
                "sha256:b3bda1d108d5dd99f4a20d24d9c348e91c4db7ab1b749200bded2f839ccbe68f"
            ],
            "markers": "python_version >= '2.6' and python_version not in '3.0, 3.1, 3.2'",
            "version": "==0.10.2"
        },
        "tqdm": {
            "hashes": [
                "sha256:5aa445ea0ad8b16d82b15ab342de6b195a722d75fc1ef9934a46bba6feafbc64",
                "sha256:8bb94db0d4468fea27d004a0f1d1c02da3cdedc00fe491c0de986b76a04d6b0a"
            ],
            "markers": "python_version >= '2.7' and python_version not in '3.0, 3.1, 3.2, 3.3'",
            "version": "==4.61.2"
        },
        "twine": {
            "hashes": [
                "sha256:16f706f2f1687d7ce30e7effceee40ed0a09b7c33b9abb5ef6434e5551565d83",
                "sha256:a56c985264b991dc8a8f4234eb80c5af87fa8080d0c224ad8f2cd05a2c22e83b"
            ],
            "index": "pypi",
            "version": "==3.4.1"
        },
        "typing-extensions": {
            "hashes": [
                "sha256:0ac0f89795dd19de6b97debb0c6af1c70987fd80a2d62d1958f7e56fcc31b497",
                "sha256:50b6f157849174217d0656f99dc82fe932884fb250826c18350e159ec6cdf342",
                "sha256:779383f6086d90c99ae41cf0ff39aac8a7937a9283ce0a414e5dd782f4c94a84"
            ],
            "markers": "python_version < '3.8'",
            "version": "==3.10.0.0"
        },
        "urllib3": {
            "hashes": [
                "sha256:39fb8672126159acb139a7718dd10806104dec1e2f0f6c88aab05d17df10c8d4",
                "sha256:f57b4c16c62fa2760b7e3d97c35b255512fb6b59a259730f36ba32ce9f8e342f"
            ],
            "markers": "python_version >= '2.7' and python_version not in '3.0, 3.1, 3.2, 3.3, 3.4' and python_version < '4'",
            "version": "==1.26.6"
        },
        "wcwidth": {
            "hashes": [
                "sha256:beb4802a9cebb9144e99086eff703a642a13d6a0052920003a230f3294bbe784",
                "sha256:c4d647b99872929fdb7bdcaa4fbe7f01413ed3d98077df798530e5b04f116c83"
            ],
            "version": "==0.2.5"
        },
        "webencodings": {
            "hashes": [
                "sha256:a0af1213f3c2226497a97e2b3aa01a7e4bee4f403f95be16fc9acd2947514a78",
                "sha256:b36a1c245f2d304965eb4e0a82848379241dc04b865afcc4aab16748587e1923"
            ],
            "version": "==0.5.1"
        },
        "werkzeug": {
            "hashes": [
                "sha256:1de1db30d010ff1af14a009224ec49ab2329ad2cde454c8a708130642d579c42",
                "sha256:6c1ec500dcdba0baa27600f6a22f6333d8b662d22027ff9f6202e3367413caa8"
            ],
            "markers": "python_version >= '3.6'",
            "version": "==2.0.1"
        },
        "wheel": {
            "hashes": [
                "sha256:78b5b185f0e5763c26ca1e324373aadd49182ca90e825f7853f4b2509215dc0e",
                "sha256:e11eefd162658ea59a60a0f6c7d493a7190ea4b9a85e335b33489d9f17e0245e"
            ],
            "index": "pypi",
            "version": "==0.36.2"
        },
        "wrapt": {
            "hashes": [
                "sha256:b62ffa81fb85f4332a4f609cab4ac40709470da05643a082ec1eb88e6d9b97d7"
            ],
            "version": "==1.12.1"
        },
        "xmltodict": {
            "hashes": [
                "sha256:50d8c638ed7ecb88d90561beedbf720c9b4e851a9fa6c47ebd64e99d166d8a21",
                "sha256:8bbcb45cc982f48b2ca8fe7e7827c5d792f217ecf1792626f808bf41c3b86051"
            ],
            "version": "==0.12.0"
        },
        "zipp": {
            "hashes": [
                "sha256:957cfda87797e389580cb8b9e3870841ca991e2125350677b2ca83a0e99390a3",
                "sha256:f5812b1e007e48cff63449a5e9f4e7ebea716b4111f9c4f9a645f91d579bf0c4"
            ],
            "markers": "python_version >= '3.6'",
            "version": "==3.5.0"
        }
    }
}
